// !$*UTF8*$!
{
	archiveVersion = 1;
	classes = {
	};
	objectVersion = 56;
	objects = {

/* Begin PBXBuildFile section */
		0307D9C92A5C2AA800955E31 /* RMAPICacheManager.swift in Sources */ = {isa = PBXBuildFile; fileRef = 0307D9C82A5C2AA800955E31 /* RMAPICacheManager.swift */; };
		0307D9CB2A5C3C1900955E31 /* RMEpisodeDetailViewViewModel.swift in Sources */ = {isa = PBXBuildFile; fileRef = 0307D9CA2A5C3C1900955E31 /* RMEpisodeDetailViewViewModel.swift */; };
		0307D9CD2A5C3C8300955E31 /* RMEpisodeDetailView.swift in Sources */ = {isa = PBXBuildFile; fileRef = 0307D9CC2A5C3C8200955E31 /* RMEpisodeDetailView.swift */; };
		030F24132A58AFAA00B75797 /* RMEpisodeDetailViewController.swift in Sources */ = {isa = PBXBuildFile; fileRef = 030F24122A58AFAA00B75797 /* RMEpisodeDetailViewController.swift */; };
		032898CE2A967FBD00DF11E6 /* RMLocationDetailViewController.swift in Sources */ = {isa = PBXBuildFile; fileRef = 032898CD2A967FBD00DF11E6 /* RMLocationDetailViewController.swift */; };
		032898D02A9937A100DF11E6 /* RMLocationDetailView.swift in Sources */ = {isa = PBXBuildFile; fileRef = 032898CF2A9937A100DF11E6 /* RMLocationDetailView.swift */; };
		032898D22A9938D700DF11E6 /* RMLocationDetailViewViewModel.swift in Sources */ = {isa = PBXBuildFile; fileRef = 032898D12A9938D700DF11E6 /* RMLocationDetailViewViewModel.swift */; };
		032898D42A9D1F0400DF11E6 /* RMSearchView.swift in Sources */ = {isa = PBXBuildFile; fileRef = 032898D32A9D1F0400DF11E6 /* RMSearchView.swift */; };
		032898D62A9D1F4D00DF11E6 /* RMSearchViewViewModel.swift in Sources */ = {isa = PBXBuildFile; fileRef = 032898D52A9D1F4D00DF11E6 /* RMSearchViewViewModel.swift */; };
		032898D82A9D225100DF11E6 /* RMNoSeachResultsView.swift in Sources */ = {isa = PBXBuildFile; fileRef = 032898D72A9D225100DF11E6 /* RMNoSeachResultsView.swift */; };
		032898DA2A9D226F00DF11E6 /* RMNoSeachResultsViewViewModel.swift in Sources */ = {isa = PBXBuildFile; fileRef = 032898D92A9D226F00DF11E6 /* RMNoSeachResultsViewViewModel.swift */; };
		032898DE2A9D238000DF11E6 /* RMSearchInputViewVİewModel.swift in Sources */ = {isa = PBXBuildFile; fileRef = 032898DD2A9D238000DF11E6 /* RMSearchInputViewVİewModel.swift */; };
		033195CB2A452A3200FD058D /* AppDelegate.swift in Sources */ = {isa = PBXBuildFile; fileRef = 033195CA2A452A3200FD058D /* AppDelegate.swift */; };
		033195CD2A452A3200FD058D /* SceneDelegate.swift in Sources */ = {isa = PBXBuildFile; fileRef = 033195CC2A452A3200FD058D /* SceneDelegate.swift */; };
		033195CF2A452A3200FD058D /* RMTabViewController.swift in Sources */ = {isa = PBXBuildFile; fileRef = 033195CE2A452A3200FD058D /* RMTabViewController.swift */; };
		033195D42A452A3300FD058D /* Assets.xcassets in Resources */ = {isa = PBXBuildFile; fileRef = 033195D32A452A3300FD058D /* Assets.xcassets */; };
		033195D72A452A3300FD058D /* LaunchScreen.storyboard in Resources */ = {isa = PBXBuildFile; fileRef = 033195D52A452A3300FD058D /* LaunchScreen.storyboard */; };
		034BD6B52A4CCE4600779318 /* RMGetAllCharactersResponse.swift in Sources */ = {isa = PBXBuildFile; fileRef = 034BD6B42A4CCE4600779318 /* RMGetAllCharactersResponse.swift */; };
		034BD6B72A4F0A2900779318 /* RMCharactersListViewModel.swift in Sources */ = {isa = PBXBuildFile; fileRef = 034BD6B62A4F0A2900779318 /* RMCharactersListViewModel.swift */; };
		034BD6B92A4F0BC900779318 /* CharactersListView.swift in Sources */ = {isa = PBXBuildFile; fileRef = 034BD6B82A4F0BC900779318 /* CharactersListView.swift */; };
		034BD6BD2A4F37EB00779318 /* RMCharactersCollectionViewCell.swift in Sources */ = {isa = PBXBuildFile; fileRef = 034BD6BC2A4F37EA00779318 /* RMCharactersCollectionViewCell.swift */; };
		034BD6BF2A4F38E700779318 /* RMCharactersCollectionViewCellViewModel.swift in Sources */ = {isa = PBXBuildFile; fileRef = 034BD6BE2A4F38E700779318 /* RMCharactersCollectionViewCellViewModel.swift */; };
		034BD6C12A5063D000779318 /* RMCharacterDetailViewController.swift in Sources */ = {isa = PBXBuildFile; fileRef = 034BD6C02A5063D000779318 /* RMCharacterDetailViewController.swift */; };
		034BD6C32A50645F00779318 /* RMCharacterDetailView.swift in Sources */ = {isa = PBXBuildFile; fileRef = 034BD6C22A50645F00779318 /* RMCharacterDetailView.swift */; };
		034BD6C52A50647F00779318 /* RMCharacterDetailViewViewModel.swift in Sources */ = {isa = PBXBuildFile; fileRef = 034BD6C42A50647F00779318 /* RMCharacterDetailViewViewModel.swift */; };
		034BD6C72A506D5D00779318 /* RMFooterLoadingCollectionReusableView.swift in Sources */ = {isa = PBXBuildFile; fileRef = 034BD6C62A506D5D00779318 /* RMFooterLoadingCollectionReusableView.swift */; };
		034BD6C92A531BD600779318 /* RMImageLoader.swift in Sources */ = {isa = PBXBuildFile; fileRef = 034BD6C82A531BD600779318 /* RMImageLoader.swift */; };
		034BD6CB2A54940600779318 /* RMCharacterPhotoCollectionViewCell.swift in Sources */ = {isa = PBXBuildFile; fileRef = 034BD6CA2A54940600779318 /* RMCharacterPhotoCollectionViewCell.swift */; };
		034BD6CD2A54941700779318 /* RMCharacterEpisodeCollectionViewCell.swift in Sources */ = {isa = PBXBuildFile; fileRef = 034BD6CC2A54941700779318 /* RMCharacterEpisodeCollectionViewCell.swift */; };
		034BD6CF2A54942900779318 /* RMCharacterInfoCollectionViewCell.swift in Sources */ = {isa = PBXBuildFile; fileRef = 034BD6CE2A54942900779318 /* RMCharacterInfoCollectionViewCell.swift */; };
		034BD6D12A54944100779318 /* RMCharacterInfoCollectionViewCellViewModel.swift in Sources */ = {isa = PBXBuildFile; fileRef = 034BD6D02A54944100779318 /* RMCharacterInfoCollectionViewCellViewModel.swift */; };
		034BD6D32A54947B00779318 /* RMCharacterPhotoCellViewModel.swift in Sources */ = {isa = PBXBuildFile; fileRef = 034BD6D22A54947B00779318 /* RMCharacterPhotoCellViewModel.swift */; };
		034BD6D52A54949400779318 /* RMCharacterEpisodeCollectionViewCellViewModel.swift in Sources */ = {isa = PBXBuildFile; fileRef = 034BD6D42A54949400779318 /* RMCharacterEpisodeCollectionViewCellViewModel.swift */; };
		03525B3D2AC2145600CD35B7 /* RMSearchResultType.swift in Sources */ = {isa = PBXBuildFile; fileRef = 03525B3C2AC2145600CD35B7 /* RMSearchResultType.swift */; };
		03525B3F2AC455EB00CD35B7 /* RMSearchResultsView.swift in Sources */ = {isa = PBXBuildFile; fileRef = 03525B3E2AC455EB00CD35B7 /* RMSearchResultsView.swift */; };
		03525B412AC64BC300CD35B7 /* RMTableLoadingFooterView.swift in Sources */ = {isa = PBXBuildFile; fileRef = 03525B402AC64BC200CD35B7 /* RMTableLoadingFooterView.swift */; };
		03886F432A6C731900E93EB0 /* RMLocationView.swift in Sources */ = {isa = PBXBuildFile; fileRef = 03886F422A6C731900E93EB0 /* RMLocationView.swift */; };
		03886F452A6C757B00E93EB0 /* RMLocationViewViewModel.swift in Sources */ = {isa = PBXBuildFile; fileRef = 03886F442A6C757B00E93EB0 /* RMLocationViewViewModel.swift */; };
		03886F472A72FCDF00E93EB0 /* RMGetLocationStatus.swift in Sources */ = {isa = PBXBuildFile; fileRef = 03886F462A72FCDF00E93EB0 /* RMGetLocationStatus.swift */; };
		03886F492A72FF7900E93EB0 /* RMLocationTableViewCell.swift in Sources */ = {isa = PBXBuildFile; fileRef = 03886F482A72FF7900E93EB0 /* RMLocationTableViewCell.swift */; };
		03886F4B2A7302A700E93EB0 /* RMLocationTableViewCellViewModel.swift in Sources */ = {isa = PBXBuildFile; fileRef = 03886F4A2A7302A700E93EB0 /* RMLocationTableViewCellViewModel.swift */; };
		03A0910F2A45A9F800F3827A /* RMCharacter.swift in Sources */ = {isa = PBXBuildFile; fileRef = 03A0910E2A45A9F800F3827A /* RMCharacter.swift */; };
		03A091112A45AA0200F3827A /* RMEpisode.swift in Sources */ = {isa = PBXBuildFile; fileRef = 03A091102A45AA0200F3827A /* RMEpisode.swift */; };
		03B4CFAD2AA6741200F51E17 /* RMSearchOptionPickerViewController.swift in Sources */ = {isa = PBXBuildFile; fileRef = 03B4CFAC2AA6741200F51E17 /* RMSearchOptionPickerViewController.swift */; };
		03C6FBB92A5DD78F00E50F35 /* RMEpisodeListView.swift in Sources */ = {isa = PBXBuildFile; fileRef = 03C6FBB82A5DD78F00E50F35 /* RMEpisodeListView.swift */; };
		03C6FBBB2A5DDBBE00E50F35 /* RMEpisodeListViewVİewModel.swift in Sources */ = {isa = PBXBuildFile; fileRef = 03C6FBBA2A5DDBBE00E50F35 /* RMEpisodeListViewVİewModel.swift */; };
		03C6FBBD2A5EDAD400E50F35 /* RMGetAllEpisodesResponse.swift in Sources */ = {isa = PBXBuildFile; fileRef = 03C6FBBC2A5EDAD400E50F35 /* RMGetAllEpisodesResponse.swift */; };
		03C6FBBF2A60380600E50F35 /* RMSearchViewController.swift in Sources */ = {isa = PBXBuildFile; fileRef = 03C6FBBE2A60380600E50F35 /* RMSearchViewController.swift */; };
		03C6FBC12A62FD0500E50F35 /* RMEpisodeInfoCollectionViewCell.swift in Sources */ = {isa = PBXBuildFile; fileRef = 03C6FBC02A62FD0500E50F35 /* RMEpisodeInfoCollectionViewCell.swift */; };
		03C6FBC32A62FD2800E50F35 /* RMEpisodeInfoCollectionViewCellViewModel.swift in Sources */ = {isa = PBXBuildFile; fileRef = 03C6FBC22A62FD2800E50F35 /* RMEpisodeInfoCollectionViewCellViewModel.swift */; };
		03C6FBC72A657DCE00E50F35 /* RMSettingsViewViewModel.swift in Sources */ = {isa = PBXBuildFile; fileRef = 03C6FBC62A657DCE00E50F35 /* RMSettingsViewViewModel.swift */; };
		03C6FBC92A657DF900E50F35 /* RMSettingsCellViewModel.swift in Sources */ = {isa = PBXBuildFile; fileRef = 03C6FBC82A657DF900E50F35 /* RMSettingsCellViewModel.swift */; };
		03C6FBCB2A657E3C00E50F35 /* RMSettingsOption.swift in Sources */ = {isa = PBXBuildFile; fileRef = 03C6FBCA2A657E3C00E50F35 /* RMSettingsOption.swift */; };
		03C6FBCD2A6588BD00E50F35 /* RMSettingsView.swift in Sources */ = {isa = PBXBuildFile; fileRef = 03C6FBCC2A6588BD00E50F35 /* RMSettingsView.swift */; };
		03CC024A2A4C814E000BC679 /* RMCharacterViewController.swift in Sources */ = {isa = PBXBuildFile; fileRef = 03CC02492A4C814E000BC679 /* RMCharacterViewController.swift */; };
		03CC024C2A4C8165000BC679 /* RMLocationViewController.swift in Sources */ = {isa = PBXBuildFile; fileRef = 03CC024B2A4C8165000BC679 /* RMLocationViewController.swift */; };
		03CC024E2A4C8184000BC679 /* RMEpisodeViewController.swift in Sources */ = {isa = PBXBuildFile; fileRef = 03CC024D2A4C8184000BC679 /* RMEpisodeViewController.swift */; };
		03CC02502A4C826C000BC679 /* SettingsViewController.swift in Sources */ = {isa = PBXBuildFile; fileRef = 03CC024F2A4C826C000BC679 /* SettingsViewController.swift */; };
		03CC02522A4C8622000BC679 /* RMLocaiton.swift in Sources */ = {isa = PBXBuildFile; fileRef = 03CC02512A4C8622000BC679 /* RMLocaiton.swift */; };
		03CC02542A4C8ADB000BC679 /* RMRequest.swift in Sources */ = {isa = PBXBuildFile; fileRef = 03CC02532A4C8ADB000BC679 /* RMRequest.swift */; };
		03CC02562A4C8AE4000BC679 /* RMService.swift in Sources */ = {isa = PBXBuildFile; fileRef = 03CC02552A4C8AE4000BC679 /* RMService.swift */; };
		03CC02582A4C8F93000BC679 /* RMOrigin.swift in Sources */ = {isa = PBXBuildFile; fileRef = 03CC02572A4C8F93000BC679 /* RMOrigin.swift */; };
		03CC025A2A4C900D000BC679 /* RMSinlgeLocation.swift in Sources */ = {isa = PBXBuildFile; fileRef = 03CC02592A4C900D000BC679 /* RMSinlgeLocation.swift */; };
		03CC025C2A4C9116000BC679 /* RMCharacterStatus.swift in Sources */ = {isa = PBXBuildFile; fileRef = 03CC025B2A4C9116000BC679 /* RMCharacterStatus.swift */; };
		03CC025E2A4C91AE000BC679 /* RMCharacterGender.swift in Sources */ = {isa = PBXBuildFile; fileRef = 03CC025D2A4C91AE000BC679 /* RMCharacterGender.swift */; };
		03CC02602A4C9629000BC679 /* RMEndPoint.swift in Sources */ = {isa = PBXBuildFile; fileRef = 03CC025F2A4C9629000BC679 /* RMEndPoint.swift */; };
		03EB85142AA248F500C1AF02 /* RMSearchInputView.swift in Sources */ = {isa = PBXBuildFile; fileRef = 03EB85132AA248F500C1AF02 /* RMSearchInputView.swift */; };
/* End PBXBuildFile section */

/* Begin PBXFileReference section */
		0307D9C82A5C2AA800955E31 /* RMAPICacheManager.swift */ = {isa = PBXFileReference; lastKnownFileType = sourcecode.swift; path = RMAPICacheManager.swift; sourceTree = "<group>"; };
		0307D9CA2A5C3C1900955E31 /* RMEpisodeDetailViewViewModel.swift */ = {isa = PBXFileReference; lastKnownFileType = sourcecode.swift; path = RMEpisodeDetailViewViewModel.swift; sourceTree = "<group>"; };
		0307D9CC2A5C3C8200955E31 /* RMEpisodeDetailView.swift */ = {isa = PBXFileReference; lastKnownFileType = sourcecode.swift; path = RMEpisodeDetailView.swift; sourceTree = "<group>"; };
		030F24122A58AFAA00B75797 /* RMEpisodeDetailViewController.swift */ = {isa = PBXFileReference; lastKnownFileType = sourcecode.swift; path = RMEpisodeDetailViewController.swift; sourceTree = "<group>"; };
		032898CD2A967FBD00DF11E6 /* RMLocationDetailViewController.swift */ = {isa = PBXFileReference; lastKnownFileType = sourcecode.swift; path = RMLocationDetailViewController.swift; sourceTree = "<group>"; };
		032898CF2A9937A100DF11E6 /* RMLocationDetailView.swift */ = {isa = PBXFileReference; lastKnownFileType = sourcecode.swift; path = RMLocationDetailView.swift; sourceTree = "<group>"; };
		032898D12A9938D700DF11E6 /* RMLocationDetailViewViewModel.swift */ = {isa = PBXFileReference; lastKnownFileType = sourcecode.swift; path = RMLocationDetailViewViewModel.swift; sourceTree = "<group>"; };
		032898D32A9D1F0400DF11E6 /* RMSearchView.swift */ = {isa = PBXFileReference; lastKnownFileType = sourcecode.swift; path = RMSearchView.swift; sourceTree = "<group>"; };
		032898D52A9D1F4D00DF11E6 /* RMSearchViewViewModel.swift */ = {isa = PBXFileReference; lastKnownFileType = sourcecode.swift; path = RMSearchViewViewModel.swift; sourceTree = "<group>"; };
		032898D72A9D225100DF11E6 /* RMNoSeachResultsView.swift */ = {isa = PBXFileReference; lastKnownFileType = sourcecode.swift; path = RMNoSeachResultsView.swift; sourceTree = "<group>"; };
		032898D92A9D226F00DF11E6 /* RMNoSeachResultsViewViewModel.swift */ = {isa = PBXFileReference; lastKnownFileType = sourcecode.swift; path = RMNoSeachResultsViewViewModel.swift; sourceTree = "<group>"; };
		032898DD2A9D238000DF11E6 /* RMSearchInputViewVİewModel.swift */ = {isa = PBXFileReference; lastKnownFileType = sourcecode.swift; path = "RMSearchInputViewVİewModel.swift"; sourceTree = "<group>"; };
		033195C72A452A3200FD058D /* rickandmorty.app */ = {isa = PBXFileReference; explicitFileType = wrapper.application; includeInIndex = 0; path = rickandmorty.app; sourceTree = BUILT_PRODUCTS_DIR; };
		033195CA2A452A3200FD058D /* AppDelegate.swift */ = {isa = PBXFileReference; lastKnownFileType = sourcecode.swift; path = AppDelegate.swift; sourceTree = "<group>"; };
		033195CC2A452A3200FD058D /* SceneDelegate.swift */ = {isa = PBXFileReference; lastKnownFileType = sourcecode.swift; path = SceneDelegate.swift; sourceTree = "<group>"; };
		033195CE2A452A3200FD058D /* RMTabViewController.swift */ = {isa = PBXFileReference; lastKnownFileType = sourcecode.swift; path = RMTabViewController.swift; sourceTree = "<group>"; };
		033195D32A452A3300FD058D /* Assets.xcassets */ = {isa = PBXFileReference; lastKnownFileType = folder.assetcatalog; path = Assets.xcassets; sourceTree = "<group>"; };
		033195D62A452A3300FD058D /* Base */ = {isa = PBXFileReference; lastKnownFileType = file.storyboard; name = Base; path = Base.lproj/LaunchScreen.storyboard; sourceTree = "<group>"; };
		033195D82A452A3300FD058D /* Info.plist */ = {isa = PBXFileReference; lastKnownFileType = text.plist.xml; path = Info.plist; sourceTree = "<group>"; };
		034BD6B42A4CCE4600779318 /* RMGetAllCharactersResponse.swift */ = {isa = PBXFileReference; lastKnownFileType = sourcecode.swift; path = RMGetAllCharactersResponse.swift; sourceTree = "<group>"; };
		034BD6B62A4F0A2900779318 /* RMCharactersListViewModel.swift */ = {isa = PBXFileReference; lastKnownFileType = sourcecode.swift; path = RMCharactersListViewModel.swift; sourceTree = "<group>"; };
		034BD6B82A4F0BC900779318 /* CharactersListView.swift */ = {isa = PBXFileReference; lastKnownFileType = sourcecode.swift; path = CharactersListView.swift; sourceTree = "<group>"; };
		034BD6BC2A4F37EA00779318 /* RMCharactersCollectionViewCell.swift */ = {isa = PBXFileReference; lastKnownFileType = sourcecode.swift; path = RMCharactersCollectionViewCell.swift; sourceTree = "<group>"; };
		034BD6BE2A4F38E700779318 /* RMCharactersCollectionViewCellViewModel.swift */ = {isa = PBXFileReference; lastKnownFileType = sourcecode.swift; path = RMCharactersCollectionViewCellViewModel.swift; sourceTree = "<group>"; };
		034BD6C02A5063D000779318 /* RMCharacterDetailViewController.swift */ = {isa = PBXFileReference; lastKnownFileType = sourcecode.swift; path = RMCharacterDetailViewController.swift; sourceTree = "<group>"; };
		034BD6C22A50645F00779318 /* RMCharacterDetailView.swift */ = {isa = PBXFileReference; lastKnownFileType = sourcecode.swift; path = RMCharacterDetailView.swift; sourceTree = "<group>"; };
		034BD6C42A50647F00779318 /* RMCharacterDetailViewViewModel.swift */ = {isa = PBXFileReference; lastKnownFileType = sourcecode.swift; path = RMCharacterDetailViewViewModel.swift; sourceTree = "<group>"; };
		034BD6C62A506D5D00779318 /* RMFooterLoadingCollectionReusableView.swift */ = {isa = PBXFileReference; lastKnownFileType = sourcecode.swift; path = RMFooterLoadingCollectionReusableView.swift; sourceTree = "<group>"; };
		034BD6C82A531BD600779318 /* RMImageLoader.swift */ = {isa = PBXFileReference; lastKnownFileType = sourcecode.swift; path = RMImageLoader.swift; sourceTree = "<group>"; };
		034BD6CA2A54940600779318 /* RMCharacterPhotoCollectionViewCell.swift */ = {isa = PBXFileReference; lastKnownFileType = sourcecode.swift; path = RMCharacterPhotoCollectionViewCell.swift; sourceTree = "<group>"; };
		034BD6CC2A54941700779318 /* RMCharacterEpisodeCollectionViewCell.swift */ = {isa = PBXFileReference; lastKnownFileType = sourcecode.swift; path = RMCharacterEpisodeCollectionViewCell.swift; sourceTree = "<group>"; };
		034BD6CE2A54942900779318 /* RMCharacterInfoCollectionViewCell.swift */ = {isa = PBXFileReference; lastKnownFileType = sourcecode.swift; path = RMCharacterInfoCollectionViewCell.swift; sourceTree = "<group>"; };
		034BD6D02A54944100779318 /* RMCharacterInfoCollectionViewCellViewModel.swift */ = {isa = PBXFileReference; lastKnownFileType = sourcecode.swift; path = RMCharacterInfoCollectionViewCellViewModel.swift; sourceTree = "<group>"; };
		034BD6D22A54947B00779318 /* RMCharacterPhotoCellViewModel.swift */ = {isa = PBXFileReference; lastKnownFileType = sourcecode.swift; path = RMCharacterPhotoCellViewModel.swift; sourceTree = "<group>"; };
		034BD6D42A54949400779318 /* RMCharacterEpisodeCollectionViewCellViewModel.swift */ = {isa = PBXFileReference; lastKnownFileType = sourcecode.swift; path = RMCharacterEpisodeCollectionViewCellViewModel.swift; sourceTree = "<group>"; };
		03525B3C2AC2145600CD35B7 /* RMSearchResultType.swift */ = {isa = PBXFileReference; lastKnownFileType = sourcecode.swift; path = RMSearchResultType.swift; sourceTree = "<group>"; };
		03525B3E2AC455EB00CD35B7 /* RMSearchResultsView.swift */ = {isa = PBXFileReference; lastKnownFileType = sourcecode.swift; path = RMSearchResultsView.swift; sourceTree = "<group>"; };
		03525B402AC64BC200CD35B7 /* RMTableLoadingFooterView.swift */ = {isa = PBXFileReference; lastKnownFileType = sourcecode.swift; path = RMTableLoadingFooterView.swift; sourceTree = "<group>"; };
		03886F422A6C731900E93EB0 /* RMLocationView.swift */ = {isa = PBXFileReference; lastKnownFileType = sourcecode.swift; path = RMLocationView.swift; sourceTree = "<group>"; };
		03886F442A6C757B00E93EB0 /* RMLocationViewViewModel.swift */ = {isa = PBXFileReference; lastKnownFileType = sourcecode.swift; path = RMLocationViewViewModel.swift; sourceTree = "<group>"; };
		03886F462A72FCDF00E93EB0 /* RMGetLocationStatus.swift */ = {isa = PBXFileReference; lastKnownFileType = sourcecode.swift; path = RMGetLocationStatus.swift; sourceTree = "<group>"; };
		03886F482A72FF7900E93EB0 /* RMLocationTableViewCell.swift */ = {isa = PBXFileReference; lastKnownFileType = sourcecode.swift; path = RMLocationTableViewCell.swift; sourceTree = "<group>"; };
		03886F4A2A7302A700E93EB0 /* RMLocationTableViewCellViewModel.swift */ = {isa = PBXFileReference; lastKnownFileType = sourcecode.swift; path = RMLocationTableViewCellViewModel.swift; sourceTree = "<group>"; };
		03A0910E2A45A9F800F3827A /* RMCharacter.swift */ = {isa = PBXFileReference; lastKnownFileType = sourcecode.swift; path = RMCharacter.swift; sourceTree = "<group>"; };
		03A091102A45AA0200F3827A /* RMEpisode.swift */ = {isa = PBXFileReference; lastKnownFileType = sourcecode.swift; path = RMEpisode.swift; sourceTree = "<group>"; };
		03B4CFAC2AA6741200F51E17 /* RMSearchOptionPickerViewController.swift */ = {isa = PBXFileReference; lastKnownFileType = sourcecode.swift; path = RMSearchOptionPickerViewController.swift; sourceTree = "<group>"; };
		03C6FBB82A5DD78F00E50F35 /* RMEpisodeListView.swift */ = {isa = PBXFileReference; lastKnownFileType = sourcecode.swift; path = RMEpisodeListView.swift; sourceTree = "<group>"; };
		03C6FBBA2A5DDBBE00E50F35 /* RMEpisodeListViewVİewModel.swift */ = {isa = PBXFileReference; lastKnownFileType = sourcecode.swift; path = "RMEpisodeListViewVİewModel.swift"; sourceTree = "<group>"; };
		03C6FBBC2A5EDAD400E50F35 /* RMGetAllEpisodesResponse.swift */ = {isa = PBXFileReference; lastKnownFileType = sourcecode.swift; path = RMGetAllEpisodesResponse.swift; sourceTree = "<group>"; };
		03C6FBBE2A60380600E50F35 /* RMSearchViewController.swift */ = {isa = PBXFileReference; lastKnownFileType = sourcecode.swift; path = RMSearchViewController.swift; sourceTree = "<group>"; };
		03C6FBC02A62FD0500E50F35 /* RMEpisodeInfoCollectionViewCell.swift */ = {isa = PBXFileReference; lastKnownFileType = sourcecode.swift; name = RMEpisodeInfoCollectionViewCell.swift; path = rickandmorty/ViewModels/RMEpisodeInfoCollectionViewCell.swift; sourceTree = SOURCE_ROOT; };
		03C6FBC22A62FD2800E50F35 /* RMEpisodeInfoCollectionViewCellViewModel.swift */ = {isa = PBXFileReference; lastKnownFileType = sourcecode.swift; path = RMEpisodeInfoCollectionViewCellViewModel.swift; sourceTree = "<group>"; };
		03C6FBC62A657DCE00E50F35 /* RMSettingsViewViewModel.swift */ = {isa = PBXFileReference; lastKnownFileType = sourcecode.swift; path = RMSettingsViewViewModel.swift; sourceTree = "<group>"; };
		03C6FBC82A657DF900E50F35 /* RMSettingsCellViewModel.swift */ = {isa = PBXFileReference; lastKnownFileType = sourcecode.swift; path = RMSettingsCellViewModel.swift; sourceTree = "<group>"; };
		03C6FBCA2A657E3C00E50F35 /* RMSettingsOption.swift */ = {isa = PBXFileReference; lastKnownFileType = sourcecode.swift; path = RMSettingsOption.swift; sourceTree = "<group>"; };
		03C6FBCC2A6588BD00E50F35 /* RMSettingsView.swift */ = {isa = PBXFileReference; lastKnownFileType = sourcecode.swift; path = RMSettingsView.swift; sourceTree = "<group>"; };
		03CC02492A4C814E000BC679 /* RMCharacterViewController.swift */ = {isa = PBXFileReference; lastKnownFileType = sourcecode.swift; path = RMCharacterViewController.swift; sourceTree = "<group>"; };
		03CC024B2A4C8165000BC679 /* RMLocationViewController.swift */ = {isa = PBXFileReference; lastKnownFileType = sourcecode.swift; path = RMLocationViewController.swift; sourceTree = "<group>"; };
		03CC024D2A4C8184000BC679 /* RMEpisodeViewController.swift */ = {isa = PBXFileReference; lastKnownFileType = sourcecode.swift; path = RMEpisodeViewController.swift; sourceTree = "<group>"; };
		03CC024F2A4C826C000BC679 /* SettingsViewController.swift */ = {isa = PBXFileReference; lastKnownFileType = sourcecode.swift; path = SettingsViewController.swift; sourceTree = "<group>"; };
		03CC02512A4C8622000BC679 /* RMLocaiton.swift */ = {isa = PBXFileReference; lastKnownFileType = sourcecode.swift; path = RMLocaiton.swift; sourceTree = "<group>"; };
		03CC02532A4C8ADB000BC679 /* RMRequest.swift */ = {isa = PBXFileReference; lastKnownFileType = sourcecode.swift; path = RMRequest.swift; sourceTree = "<group>"; };
		03CC02552A4C8AE4000BC679 /* RMService.swift */ = {isa = PBXFileReference; lastKnownFileType = sourcecode.swift; path = RMService.swift; sourceTree = "<group>"; };
		03CC02572A4C8F93000BC679 /* RMOrigin.swift */ = {isa = PBXFileReference; lastKnownFileType = sourcecode.swift; path = RMOrigin.swift; sourceTree = "<group>"; };
		03CC02592A4C900D000BC679 /* RMSinlgeLocation.swift */ = {isa = PBXFileReference; lastKnownFileType = sourcecode.swift; path = RMSinlgeLocation.swift; sourceTree = "<group>"; };
		03CC025B2A4C9116000BC679 /* RMCharacterStatus.swift */ = {isa = PBXFileReference; lastKnownFileType = sourcecode.swift; path = RMCharacterStatus.swift; sourceTree = "<group>"; };
		03CC025D2A4C91AE000BC679 /* RMCharacterGender.swift */ = {isa = PBXFileReference; lastKnownFileType = sourcecode.swift; path = RMCharacterGender.swift; sourceTree = "<group>"; };
		03CC025F2A4C9629000BC679 /* RMEndPoint.swift */ = {isa = PBXFileReference; lastKnownFileType = sourcecode.swift; path = RMEndPoint.swift; sourceTree = "<group>"; };
		03EB85132AA248F500C1AF02 /* RMSearchInputView.swift */ = {isa = PBXFileReference; lastKnownFileType = sourcecode.swift; path = RMSearchInputView.swift; sourceTree = "<group>"; };
/* End PBXFileReference section */

/* Begin PBXFrameworksBuildPhase section */
		033195C42A452A3200FD058D /* Frameworks */ = {
			isa = PBXFrameworksBuildPhase;
			buildActionMask = 2147483647;
			files = (
			);
			runOnlyForDeploymentPostprocessing = 0;
		};
/* End PBXFrameworksBuildPhase section */

/* Begin PBXGroup section */
		033195BE2A452A3200FD058D = {
			isa = PBXGroup;
			children = (
				033195C92A452A3200FD058D /* rickandmorty */,
				033195C82A452A3200FD058D /* Products */,
			);
			sourceTree = "<group>";
		};
		033195C82A452A3200FD058D /* Products */ = {
			isa = PBXGroup;
			children = (
				033195C72A452A3200FD058D /* rickandmorty.app */,
			);
			name = Products;
			sourceTree = "<group>";
		};
		033195C92A452A3200FD058D /* rickandmorty */ = {
			isa = PBXGroup;
			children = (
				03A0910D2A45A9B700F3827A /* APIClient */,
				03A0910C2A45A9AF00F3827A /* Managers */,
				03A0910B2A45A9A300F3827A /* Resources */,
				03A0910A2A45A99500F3827A /* ViewModels */,
				03A091092A45A98400F3827A /* Models */,
				03A091082A45A97D00F3827A /* Views */,
				03A091072A45A97600F3827A /* Controllers */,
				033195D32A452A3300FD058D /* Assets.xcassets */,
				033195D52A452A3300FD058D /* LaunchScreen.storyboard */,
				033195D82A452A3300FD058D /* Info.plist */,
			);
			path = rickandmorty;
			sourceTree = "<group>";
		};
		03A091072A45A97600F3827A /* Controllers */ = {
			isa = PBXGroup;
			children = (
				033195CE2A452A3200FD058D /* RMTabViewController.swift */,
				03CC02492A4C814E000BC679 /* RMCharacterViewController.swift */,
				03CC024B2A4C8165000BC679 /* RMLocationViewController.swift */,
				03CC024D2A4C8184000BC679 /* RMEpisodeViewController.swift */,
				03CC024F2A4C826C000BC679 /* SettingsViewController.swift */,
				034BD6C02A5063D000779318 /* RMCharacterDetailViewController.swift */,
				030F24122A58AFAA00B75797 /* RMEpisodeDetailViewController.swift */,
				03C6FBBE2A60380600E50F35 /* RMSearchViewController.swift */,
				032898CD2A967FBD00DF11E6 /* RMLocationDetailViewController.swift */,
				03B4CFAC2AA6741200F51E17 /* RMSearchOptionPickerViewController.swift */,
			);
			path = Controllers;
			sourceTree = "<group>";
		};
		03A091082A45A97D00F3827A /* Views */ = {
			isa = PBXGroup;
			children = (
				03C6FBC02A62FD0500E50F35 /* RMEpisodeInfoCollectionViewCell.swift */,
				034BD6C62A506D5D00779318 /* RMFooterLoadingCollectionReusableView.swift */,
				034BD6B82A4F0BC900779318 /* CharactersListView.swift */,
				034BD6BC2A4F37EA00779318 /* RMCharactersCollectionViewCell.swift */,
				034BD6C22A50645F00779318 /* RMCharacterDetailView.swift */,
				034BD6CA2A54940600779318 /* RMCharacterPhotoCollectionViewCell.swift */,
				034BD6CC2A54941700779318 /* RMCharacterEpisodeCollectionViewCell.swift */,
				034BD6CE2A54942900779318 /* RMCharacterInfoCollectionViewCell.swift */,
				0307D9CC2A5C3C8200955E31 /* RMEpisodeDetailView.swift */,
				03C6FBB82A5DD78F00E50F35 /* RMEpisodeListView.swift */,
				03C6FBCC2A6588BD00E50F35 /* RMSettingsView.swift */,
				03886F422A6C731900E93EB0 /* RMLocationView.swift */,
				03886F482A72FF7900E93EB0 /* RMLocationTableViewCell.swift */,
				032898CF2A9937A100DF11E6 /* RMLocationDetailView.swift */,
				032898D32A9D1F0400DF11E6 /* RMSearchView.swift */,
				032898D72A9D225100DF11E6 /* RMNoSeachResultsView.swift */,
				03EB85132AA248F500C1AF02 /* RMSearchInputView.swift */,
				03525B3E2AC455EB00CD35B7 /* RMSearchResultsView.swift */,
				03525B402AC64BC200CD35B7 /* RMTableLoadingFooterView.swift */,
			);
			path = Views;
			sourceTree = "<group>";
		};
		03A091092A45A98400F3827A /* Models */ = {
			isa = PBXGroup;
			children = (
				03A0910E2A45A9F800F3827A /* RMCharacter.swift */,
				03A091102A45AA0200F3827A /* RMEpisode.swift */,
				03CC02512A4C8622000BC679 /* RMLocaiton.swift */,
				03CC02572A4C8F93000BC679 /* RMOrigin.swift */,
				03CC02592A4C900D000BC679 /* RMSinlgeLocation.swift */,
				03CC025B2A4C9116000BC679 /* RMCharacterStatus.swift */,
				03886F462A72FCDF00E93EB0 /* RMGetLocationStatus.swift */,
				03CC025D2A4C91AE000BC679 /* RMCharacterGender.swift */,
				034BD6B42A4CCE4600779318 /* RMGetAllCharactersResponse.swift */,
				03C6FBBC2A5EDAD400E50F35 /* RMGetAllEpisodesResponse.swift */,
			);
			path = Models;
			sourceTree = "<group>";
		};
		03A0910A2A45A99500F3827A /* ViewModels */ = {
			isa = PBXGroup;
			children = (
				03C6FBC52A62FD7C00E50F35 /* EpisodeDetail */,
				03C6FBC42A62FD3A00E50F35 /* CharacterDetails */,
				034BD6B62A4F0A2900779318 /* RMCharactersListViewModel.swift */,
				034BD6BE2A4F38E700779318 /* RMCharactersCollectionViewCellViewModel.swift */,
				03C6FBBA2A5DDBBE00E50F35 /* RMEpisodeListViewVİewModel.swift */,
				03C6FBC62A657DCE00E50F35 /* RMSettingsViewViewModel.swift */,
				03C6FBC82A657DF900E50F35 /* RMSettingsCellViewModel.swift */,
				03C6FBCA2A657E3C00E50F35 /* RMSettingsOption.swift */,
				03886F442A6C757B00E93EB0 /* RMLocationViewViewModel.swift */,
				03886F4A2A7302A700E93EB0 /* RMLocationTableViewCellViewModel.swift */,
				032898D12A9938D700DF11E6 /* RMLocationDetailViewViewModel.swift */,
				032898D52A9D1F4D00DF11E6 /* RMSearchViewViewModel.swift */,
				032898D92A9D226F00DF11E6 /* RMNoSeachResultsViewViewModel.swift */,
				032898DD2A9D238000DF11E6 /* RMSearchInputViewVİewModel.swift */,
				03525B3C2AC2145600CD35B7 /* RMSearchResultType.swift */,
			);
			path = ViewModels;
			sourceTree = "<group>";
		};
		03A0910B2A45A9A300F3827A /* Resources */ = {
			isa = PBXGroup;
			children = (
				033195CA2A452A3200FD058D /* AppDelegate.swift */,
				033195CC2A452A3200FD058D /* SceneDelegate.swift */,
			);
			path = Resources;
			sourceTree = "<group>";
		};
		03A0910C2A45A9AF00F3827A /* Managers */ = {
			isa = PBXGroup;
			children = (
				034BD6C82A531BD600779318 /* RMImageLoader.swift */,
				0307D9C82A5C2AA800955E31 /* RMAPICacheManager.swift */,
			);
			path = Managers;
			sourceTree = "<group>";
		};
		03A0910D2A45A9B700F3827A /* APIClient */ = {
			isa = PBXGroup;
			children = (
				03CC02532A4C8ADB000BC679 /* RMRequest.swift */,
				03CC02552A4C8AE4000BC679 /* RMService.swift */,
				03CC025F2A4C9629000BC679 /* RMEndPoint.swift */,
			);
			path = APIClient;
			sourceTree = "<group>";
		};
		03C6FBC42A62FD3A00E50F35 /* CharacterDetails */ = {
			isa = PBXGroup;
			children = (
				034BD6D22A54947B00779318 /* RMCharacterPhotoCellViewModel.swift */,
				034BD6D02A54944100779318 /* RMCharacterInfoCollectionViewCellViewModel.swift */,
				034BD6D42A54949400779318 /* RMCharacterEpisodeCollectionViewCellViewModel.swift */,
				034BD6C42A50647F00779318 /* RMCharacterDetailViewViewModel.swift */,
			);
			path = CharacterDetails;
			sourceTree = "<group>";
		};
		03C6FBC52A62FD7C00E50F35 /* EpisodeDetail */ = {
			isa = PBXGroup;
			children = (
				0307D9CA2A5C3C1900955E31 /* RMEpisodeDetailViewViewModel.swift */,
				03C6FBC22A62FD2800E50F35 /* RMEpisodeInfoCollectionViewCellViewModel.swift */,
			);
			path = EpisodeDetail;
			sourceTree = "<group>";
		};
/* End PBXGroup section */

/* Begin PBXNativeTarget section */
		033195C62A452A3200FD058D /* rickandmorty */ = {
			isa = PBXNativeTarget;
			buildConfigurationList = 033195DB2A452A3300FD058D /* Build configuration list for PBXNativeTarget "rickandmorty" */;
			buildPhases = (
				033195C32A452A3200FD058D /* Sources */,
				033195C42A452A3200FD058D /* Frameworks */,
				033195C52A452A3200FD058D /* Resources */,
			);
			buildRules = (
			);
			dependencies = (
			);
			name = rickandmorty;
			productName = rickandmorty;
			productReference = 033195C72A452A3200FD058D /* rickandmorty.app */;
			productType = "com.apple.product-type.application";
		};
/* End PBXNativeTarget section */

/* Begin PBXProject section */
		033195BF2A452A3200FD058D /* Project object */ = {
			isa = PBXProject;
			attributes = {
				BuildIndependentTargetsInParallel = 1;
				LastSwiftUpdateCheck = 1430;
				LastUpgradeCheck = 1430;
				TargetAttributes = {
					033195C62A452A3200FD058D = {
						CreatedOnToolsVersion = 14.3.1;
					};
				};
			};
			buildConfigurationList = 033195C22A452A3200FD058D /* Build configuration list for PBXProject "rickandmorty" */;
			compatibilityVersion = "Xcode 14.0";
			developmentRegion = en;
			hasScannedForEncodings = 0;
			knownRegions = (
				en,
				Base,
			);
			mainGroup = 033195BE2A452A3200FD058D;
			productRefGroup = 033195C82A452A3200FD058D /* Products */;
			projectDirPath = "";
			projectRoot = "";
			targets = (
				033195C62A452A3200FD058D /* rickandmorty */,
			);
		};
/* End PBXProject section */

/* Begin PBXResourcesBuildPhase section */
		033195C52A452A3200FD058D /* Resources */ = {
			isa = PBXResourcesBuildPhase;
			buildActionMask = 2147483647;
			files = (
				033195D72A452A3300FD058D /* LaunchScreen.storyboard in Resources */,
				033195D42A452A3300FD058D /* Assets.xcassets in Resources */,
			);
			runOnlyForDeploymentPostprocessing = 0;
		};
/* End PBXResourcesBuildPhase section */

/* Begin PBXSourcesBuildPhase section */
		033195C32A452A3200FD058D /* Sources */ = {
			isa = PBXSourcesBuildPhase;
			buildActionMask = 2147483647;
			files = (
				034BD6D32A54947B00779318 /* RMCharacterPhotoCellViewModel.swift in Sources */,
				034BD6C72A506D5D00779318 /* RMFooterLoadingCollectionReusableView.swift in Sources */,
				03886F432A6C731900E93EB0 /* RMLocationView.swift in Sources */,
				03C6FBCB2A657E3C00E50F35 /* RMSettingsOption.swift in Sources */,
				03C6FBBF2A60380600E50F35 /* RMSearchViewController.swift in Sources */,
				03525B3D2AC2145600CD35B7 /* RMSearchResultType.swift in Sources */,
				03C6FBC92A657DF900E50F35 /* RMSettingsCellViewModel.swift in Sources */,
				034BD6BF2A4F38E700779318 /* RMCharactersCollectionViewCellViewModel.swift in Sources */,
				03CC024C2A4C8165000BC679 /* RMLocationViewController.swift in Sources */,
				03CC025A2A4C900D000BC679 /* RMSinlgeLocation.swift in Sources */,
				034BD6B52A4CCE4600779318 /* RMGetAllCharactersResponse.swift in Sources */,
				034BD6BD2A4F37EB00779318 /* RMCharactersCollectionViewCell.swift in Sources */,
				034BD6D52A54949400779318 /* RMCharacterEpisodeCollectionViewCellViewModel.swift in Sources */,
				030F24132A58AFAA00B75797 /* RMEpisodeDetailViewController.swift in Sources */,
				03A0910F2A45A9F800F3827A /* RMCharacter.swift in Sources */,
				03C6FBC72A657DCE00E50F35 /* RMSettingsViewViewModel.swift in Sources */,
				03C6FBBB2A5DDBBE00E50F35 /* RMEpisodeListViewVİewModel.swift in Sources */,
				03886F452A6C757B00E93EB0 /* RMLocationViewViewModel.swift in Sources */,
				0307D9CD2A5C3C8300955E31 /* RMEpisodeDetailView.swift in Sources */,
				03CC025E2A4C91AE000BC679 /* RMCharacterGender.swift in Sources */,
				0307D9CB2A5C3C1900955E31 /* RMEpisodeDetailViewViewModel.swift in Sources */,
				03C6FBB92A5DD78F00E50F35 /* RMEpisodeListView.swift in Sources */,
				032898D02A9937A100DF11E6 /* RMLocationDetailView.swift in Sources */,
				03CC02562A4C8AE4000BC679 /* RMService.swift in Sources */,
				03C6FBC12A62FD0500E50F35 /* RMEpisodeInfoCollectionViewCell.swift in Sources */,
				034BD6D12A54944100779318 /* RMCharacterInfoCollectionViewCellViewModel.swift in Sources */,
				03C6FBC32A62FD2800E50F35 /* RMEpisodeInfoCollectionViewCellViewModel.swift in Sources */,
				0307D9C92A5C2AA800955E31 /* RMAPICacheManager.swift in Sources */,
				034BD6C32A50645F00779318 /* RMCharacterDetailView.swift in Sources */,
				034BD6C52A50647F00779318 /* RMCharacterDetailViewViewModel.swift in Sources */,
				034BD6CF2A54942900779318 /* RMCharacterInfoCollectionViewCell.swift in Sources */,
				032898D82A9D225100DF11E6 /* RMNoSeachResultsView.swift in Sources */,
				034BD6B92A4F0BC900779318 /* CharactersListView.swift in Sources */,
				03B4CFAD2AA6741200F51E17 /* RMSearchOptionPickerViewController.swift in Sources */,
				033195CF2A452A3200FD058D /* RMTabViewController.swift in Sources */,
				03CC025C2A4C9116000BC679 /* RMCharacterStatus.swift in Sources */,
				03886F4B2A7302A700E93EB0 /* RMLocationTableViewCellViewModel.swift in Sources */,
				03A091112A45AA0200F3827A /* RMEpisode.swift in Sources */,
				032898CE2A967FBD00DF11E6 /* RMLocationDetailViewController.swift in Sources */,
				03EB85142AA248F500C1AF02 /* RMSearchInputView.swift in Sources */,
				03CC02582A4C8F93000BC679 /* RMOrigin.swift in Sources */,
				03886F492A72FF7900E93EB0 /* RMLocationTableViewCell.swift in Sources */,
				032898D62A9D1F4D00DF11E6 /* RMSearchViewViewModel.swift in Sources */,
				034BD6CB2A54940600779318 /* RMCharacterPhotoCollectionViewCell.swift in Sources */,
				032898D22A9938D700DF11E6 /* RMLocationDetailViewViewModel.swift in Sources */,
				033195CB2A452A3200FD058D /* AppDelegate.swift in Sources */,
				034BD6CD2A54941700779318 /* RMCharacterEpisodeCollectionViewCell.swift in Sources */,
				03525B412AC64BC300CD35B7 /* RMTableLoadingFooterView.swift in Sources */,
				03CC02522A4C8622000BC679 /* RMLocaiton.swift in Sources */,
				03CC024A2A4C814E000BC679 /* RMCharacterViewController.swift in Sources */,
				034BD6B72A4F0A2900779318 /* RMCharactersListViewModel.swift in Sources */,
				032898D42A9D1F0400DF11E6 /* RMSearchView.swift in Sources */,
				03C6FBCD2A6588BD00E50F35 /* RMSettingsView.swift in Sources */,
				03C6FBBD2A5EDAD400E50F35 /* RMGetAllEpisodesResponse.swift in Sources */,
				032898DA2A9D226F00DF11E6 /* RMNoSeachResultsViewViewModel.swift in Sources */,
				03525B3F2AC455EB00CD35B7 /* RMSearchResultsView.swift in Sources */,
				033195CD2A452A3200FD058D /* SceneDelegate.swift in Sources */,
				034BD6C12A5063D000779318 /* RMCharacterDetailViewController.swift in Sources */,
				034BD6C92A531BD600779318 /* RMImageLoader.swift in Sources */,
				032898DE2A9D238000DF11E6 /* RMSearchInputViewVİewModel.swift in Sources */,
				03CC024E2A4C8184000BC679 /* RMEpisodeViewController.swift in Sources */,
				03886F472A72FCDF00E93EB0 /* RMGetLocationStatus.swift in Sources */,
				03CC02602A4C9629000BC679 /* RMEndPoint.swift in Sources */,
				03CC02542A4C8ADB000BC679 /* RMRequest.swift in Sources */,
				03CC02502A4C826C000BC679 /* SettingsViewController.swift in Sources */,
			);
			runOnlyForDeploymentPostprocessing = 0;
		};
/* End PBXSourcesBuildPhase section */

/* Begin PBXVariantGroup section */
		033195D52A452A3300FD058D /* LaunchScreen.storyboard */ = {
			isa = PBXVariantGroup;
			children = (
				033195D62A452A3300FD058D /* Base */,
			);
			name = LaunchScreen.storyboard;
			sourceTree = "<group>";
		};
/* End PBXVariantGroup section */

/* Begin XCBuildConfiguration section */
		033195D92A452A3300FD058D /* Debug */ = {
			isa = XCBuildConfiguration;
			buildSettings = {
				ALWAYS_SEARCH_USER_PATHS = NO;
				CLANG_ANALYZER_NONNULL = YES;
				CLANG_ANALYZER_NUMBER_OBJECT_CONVERSION = YES_AGGRESSIVE;
				CLANG_CXX_LANGUAGE_STANDARD = "gnu++20";
				CLANG_ENABLE_MODULES = YES;
				CLANG_ENABLE_OBJC_ARC = YES;
				CLANG_ENABLE_OBJC_WEAK = YES;
				CLANG_WARN_BLOCK_CAPTURE_AUTORELEASING = YES;
				CLANG_WARN_BOOL_CONVERSION = YES;
				CLANG_WARN_COMMA = YES;
				CLANG_WARN_CONSTANT_CONVERSION = YES;
				CLANG_WARN_DEPRECATED_OBJC_IMPLEMENTATIONS = YES;
				CLANG_WARN_DIRECT_OBJC_ISA_USAGE = YES_ERROR;
				CLANG_WARN_DOCUMENTATION_COMMENTS = YES;
				CLANG_WARN_EMPTY_BODY = YES;
				CLANG_WARN_ENUM_CONVERSION = YES;
				CLANG_WARN_INFINITE_RECURSION = YES;
				CLANG_WARN_INT_CONVERSION = YES;
				CLANG_WARN_NON_LITERAL_NULL_CONVERSION = YES;
				CLANG_WARN_OBJC_IMPLICIT_RETAIN_SELF = YES;
				CLANG_WARN_OBJC_LITERAL_CONVERSION = YES;
				CLANG_WARN_OBJC_ROOT_CLASS = YES_ERROR;
				CLANG_WARN_QUOTED_INCLUDE_IN_FRAMEWORK_HEADER = YES;
				CLANG_WARN_RANGE_LOOP_ANALYSIS = YES;
				CLANG_WARN_STRICT_PROTOTYPES = YES;
				CLANG_WARN_SUSPICIOUS_MOVE = YES;
				CLANG_WARN_UNGUARDED_AVAILABILITY = YES_AGGRESSIVE;
				CLANG_WARN_UNREACHABLE_CODE = YES;
				CLANG_WARN__DUPLICATE_METHOD_MATCH = YES;
				COPY_PHASE_STRIP = NO;
				DEBUG_INFORMATION_FORMAT = dwarf;
				ENABLE_STRICT_OBJC_MSGSEND = YES;
				ENABLE_TESTABILITY = YES;
				GCC_C_LANGUAGE_STANDARD = gnu11;
				GCC_DYNAMIC_NO_PIC = NO;
				GCC_NO_COMMON_BLOCKS = YES;
				GCC_OPTIMIZATION_LEVEL = 0;
				GCC_PREPROCESSOR_DEFINITIONS = (
					"DEBUG=1",
					"$(inherited)",
				);
				GCC_WARN_64_TO_32_BIT_CONVERSION = YES;
				GCC_WARN_ABOUT_RETURN_TYPE = YES_ERROR;
				GCC_WARN_UNDECLARED_SELECTOR = YES;
				GCC_WARN_UNINITIALIZED_AUTOS = YES_AGGRESSIVE;
				GCC_WARN_UNUSED_FUNCTION = YES;
				GCC_WARN_UNUSED_VARIABLE = YES;
				IPHONEOS_DEPLOYMENT_TARGET = 16.4;
				MTL_ENABLE_DEBUG_INFO = INCLUDE_SOURCE;
				MTL_FAST_MATH = YES;
				ONLY_ACTIVE_ARCH = YES;
				SDKROOT = iphoneos;
				SWIFT_ACTIVE_COMPILATION_CONDITIONS = DEBUG;
				SWIFT_OPTIMIZATION_LEVEL = "-Onone";
			};
			name = Debug;
		};
		033195DA2A452A3300FD058D /* Release */ = {
			isa = XCBuildConfiguration;
			buildSettings = {
				ALWAYS_SEARCH_USER_PATHS = NO;
				CLANG_ANALYZER_NONNULL = YES;
				CLANG_ANALYZER_NUMBER_OBJECT_CONVERSION = YES_AGGRESSIVE;
				CLANG_CXX_LANGUAGE_STANDARD = "gnu++20";
				CLANG_ENABLE_MODULES = YES;
				CLANG_ENABLE_OBJC_ARC = YES;
				CLANG_ENABLE_OBJC_WEAK = YES;
				CLANG_WARN_BLOCK_CAPTURE_AUTORELEASING = YES;
				CLANG_WARN_BOOL_CONVERSION = YES;
				CLANG_WARN_COMMA = YES;
				CLANG_WARN_CONSTANT_CONVERSION = YES;
				CLANG_WARN_DEPRECATED_OBJC_IMPLEMENTATIONS = YES;
				CLANG_WARN_DIRECT_OBJC_ISA_USAGE = YES_ERROR;
				CLANG_WARN_DOCUMENTATION_COMMENTS = YES;
				CLANG_WARN_EMPTY_BODY = YES;
				CLANG_WARN_ENUM_CONVERSION = YES;
				CLANG_WARN_INFINITE_RECURSION = YES;
				CLANG_WARN_INT_CONVERSION = YES;
				CLANG_WARN_NON_LITERAL_NULL_CONVERSION = YES;
				CLANG_WARN_OBJC_IMPLICIT_RETAIN_SELF = YES;
				CLANG_WARN_OBJC_LITERAL_CONVERSION = YES;
				CLANG_WARN_OBJC_ROOT_CLASS = YES_ERROR;
				CLANG_WARN_QUOTED_INCLUDE_IN_FRAMEWORK_HEADER = YES;
				CLANG_WARN_RANGE_LOOP_ANALYSIS = YES;
				CLANG_WARN_STRICT_PROTOTYPES = YES;
				CLANG_WARN_SUSPICIOUS_MOVE = YES;
				CLANG_WARN_UNGUARDED_AVAILABILITY = YES_AGGRESSIVE;
				CLANG_WARN_UNREACHABLE_CODE = YES;
				CLANG_WARN__DUPLICATE_METHOD_MATCH = YES;
				COPY_PHASE_STRIP = NO;
				DEBUG_INFORMATION_FORMAT = "dwarf-with-dsym";
				ENABLE_NS_ASSERTIONS = NO;
				ENABLE_STRICT_OBJC_MSGSEND = YES;
				GCC_C_LANGUAGE_STANDARD = gnu11;
				GCC_NO_COMMON_BLOCKS = YES;
				GCC_WARN_64_TO_32_BIT_CONVERSION = YES;
				GCC_WARN_ABOUT_RETURN_TYPE = YES_ERROR;
				GCC_WARN_UNDECLARED_SELECTOR = YES;
				GCC_WARN_UNINITIALIZED_AUTOS = YES_AGGRESSIVE;
				GCC_WARN_UNUSED_FUNCTION = YES;
				GCC_WARN_UNUSED_VARIABLE = YES;
				IPHONEOS_DEPLOYMENT_TARGET = 16.4;
				MTL_ENABLE_DEBUG_INFO = NO;
				MTL_FAST_MATH = YES;
				SDKROOT = iphoneos;
				SWIFT_COMPILATION_MODE = wholemodule;
				SWIFT_OPTIMIZATION_LEVEL = "-O";
				VALIDATE_PRODUCT = YES;
			};
			name = Release;
		};
		033195DC2A452A3300FD058D /* Debug */ = {
			isa = XCBuildConfiguration;
			buildSettings = {
				ASSETCATALOG_COMPILER_APPICON_NAME = AppIcon;
				ASSETCATALOG_COMPILER_GLOBAL_ACCENT_COLOR_NAME = AccentColor;
				CODE_SIGN_STYLE = Automatic;
				CURRENT_PROJECT_VERSION = 1;
				DEVELOPMENT_TEAM = LM5TLWQ7XU;
				GENERATE_INFOPLIST_FILE = YES;
				INFOPLIST_FILE = rickandmorty/Info.plist;
				INFOPLIST_KEY_UIApplicationSupportsIndirectInputEvents = YES;
				INFOPLIST_KEY_UILaunchStoryboardName = LaunchScreen;
				INFOPLIST_KEY_UISupportedInterfaceOrientations_iPad = "UIInterfaceOrientationPortrait UIInterfaceOrientationPortraitUpsideDown UIInterfaceOrientationLandscapeLeft UIInterfaceOrientationLandscapeRight";
				INFOPLIST_KEY_UISupportedInterfaceOrientations_iPhone = "UIInterfaceOrientationPortrait UIInterfaceOrientationLandscapeLeft UIInterfaceOrientationLandscapeRight";
				LD_RUNPATH_SEARCH_PATHS = (
					"$(inherited)",
					"@executable_path/Frameworks",
				);
				MARKETING_VERSION = 1.0;
				PRODUCT_BUNDLE_IDENTIFIER = ahmetsamsun.rickandmorty;
				PRODUCT_NAME = "$(TARGET_NAME)";
				SWIFT_EMIT_LOC_STRINGS = YES;
				SWIFT_VERSION = 5.0;
				TARGETED_DEVICE_FAMILY = "1,2";
			};
			name = Debug;
		};
		033195DD2A452A3300FD058D /* Release */ = {
			isa = XCBuildConfiguration;
			buildSettings = {
				ASSETCATALOG_COMPILER_APPICON_NAME = AppIcon;
				ASSETCATALOG_COMPILER_GLOBAL_ACCENT_COLOR_NAME = AccentColor;
				CODE_SIGN_STYLE = Automatic;
				CURRENT_PROJECT_VERSION = 1;
				DEVELOPMENT_TEAM = LM5TLWQ7XU;
				GENERATE_INFOPLIST_FILE = YES;
				INFOPLIST_FILE = rickandmorty/Info.plist;
				INFOPLIST_KEY_UIApplicationSupportsIndirectInputEvents = YES;
				INFOPLIST_KEY_UILaunchStoryboardName = LaunchScreen;
				INFOPLIST_KEY_UISupportedInterfaceOrientations_iPad = "UIInterfaceOrientationPortrait UIInterfaceOrientationPortraitUpsideDown UIInterfaceOrientationLandscapeLeft UIInterfaceOrientationLandscapeRight";
				INFOPLIST_KEY_UISupportedInterfaceOrientations_iPhone = "UIInterfaceOrientationPortrait UIInterfaceOrientationLandscapeLeft UIInterfaceOrientationLandscapeRight";
				LD_RUNPATH_SEARCH_PATHS = (
					"$(inherited)",
					"@executable_path/Frameworks",
				);
				MARKETING_VERSION = 1.0;
				PRODUCT_BUNDLE_IDENTIFIER = ahmetsamsun.rickandmorty;
				PRODUCT_NAME = "$(TARGET_NAME)";
				SWIFT_EMIT_LOC_STRINGS = YES;
				SWIFT_VERSION = 5.0;
				TARGETED_DEVICE_FAMILY = "1,2";
			};
			name = Release;
		};
/* End XCBuildConfiguration section */

/* Begin XCConfigurationList section */
		033195C22A452A3200FD058D /* Build configuration list for PBXProject "rickandmorty" */ = {
			isa = XCConfigurationList;
			buildConfigurations = (
				033195D92A452A3300FD058D /* Debug */,
				033195DA2A452A3300FD058D /* Release */,
			);
			defaultConfigurationIsVisible = 0;
			defaultConfigurationName = Release;
		};
		033195DB2A452A3300FD058D /* Build configuration list for PBXNativeTarget "rickandmorty" */ = {
			isa = XCConfigurationList;
			buildConfigurations = (
				033195DC2A452A3300FD058D /* Debug */,
				033195DD2A452A3300FD058D /* Release */,
			);
			defaultConfigurationIsVisible = 0;
			defaultConfigurationName = Release;
		};
/* End XCConfigurationList section */
	};
	rootObject = 033195BF2A452A3200FD058D /* Project object */;
}
